// !$*UTF8*$!
{
	archiveVersion = 1;
	classes = {
	};
	objectVersion = 46;
	objects = {

/* Begin PBXBuildFile section */
		B205493D1CE57162000ADBAA /* AppDelegate.swift in Sources */ = {isa = PBXBuildFile; fileRef = B205493C1CE57162000ADBAA /* AppDelegate.swift */; };
		B205493F1CE57162000ADBAA /* ViewController.swift in Sources */ = {isa = PBXBuildFile; fileRef = B205493E1CE57162000ADBAA /* ViewController.swift */; };
		B20549421CE57162000ADBAA /* Main.storyboard in Resources */ = {isa = PBXBuildFile; fileRef = B20549401CE57162000ADBAA /* Main.storyboard */; };
		B20549441CE57162000ADBAA /* Assets.xcassets in Resources */ = {isa = PBXBuildFile; fileRef = B20549431CE57162000ADBAA /* Assets.xcassets */; };
		B20549471CE57162000ADBAA /* LaunchScreen.storyboard in Resources */ = {isa = PBXBuildFile; fileRef = B20549451CE57162000ADBAA /* LaunchScreen.storyboard */; };
		B20549521CE57162000ADBAA /* FanDueliOSChallengeTests.swift in Sources */ = {isa = PBXBuildFile; fileRef = B20549511CE57162000ADBAA /* FanDueliOSChallengeTests.swift */; };
		B205495D1CE57162000ADBAA /* FanDueliOSChallengeUITests.swift in Sources */ = {isa = PBXBuildFile; fileRef = B205495C1CE57162000ADBAA /* FanDueliOSChallengeUITests.swift */; };
		B23F83C01CE94D0F0023F744 /* PickMatchCellViewModel.swift in Sources */ = {isa = PBXBuildFile; fileRef = B23F83BF1CE94D0F0023F744 /* PickMatchCellViewModel.swift */; };
		B252F82F1CE93AAE00686A0B /* Team.swift in Sources */ = {isa = PBXBuildFile; fileRef = B252F82E1CE93AAE00686A0B /* Team.swift */; };
		B252F8311CE9405800686A0B /* PickMatchTableViewCell.swift in Sources */ = {isa = PBXBuildFile; fileRef = B252F8301CE9405800686A0B /* PickMatchTableViewCell.swift */; };
		B2F492F61CE5878300564FDF /* Constants.swift in Sources */ = {isa = PBXBuildFile; fileRef = B2F492F51CE5878300564FDF /* Constants.swift */; };
		B2F492F81CE5879900564FDF /* APIManager.swift in Sources */ = {isa = PBXBuildFile; fileRef = B2F492F71CE5879900564FDF /* APIManager.swift */; };
		B2F492FA1CE587A800564FDF /* Player.swift in Sources */ = {isa = PBXBuildFile; fileRef = B2F492F91CE587A800564FDF /* Player.swift */; };
		CDF36862E8DE3777EDB6DB04 /* Pods_FanDueliOSChallenge.framework in Frameworks */ = {isa = PBXBuildFile; fileRef = 718A575FC4587ABB04122EF6 /* Pods_FanDueliOSChallenge.framework */; };
/* End PBXBuildFile section */

/* Begin PBXContainerItemProxy section */
		B205494E1CE57162000ADBAA /* PBXContainerItemProxy */ = {
			isa = PBXContainerItemProxy;
			containerPortal = B20549311CE57162000ADBAA /* Project object */;
			proxyType = 1;
			remoteGlobalIDString = B20549381CE57162000ADBAA;
			remoteInfo = FanDueliOSChallenge;
		};
		B20549591CE57162000ADBAA /* PBXContainerItemProxy */ = {
			isa = PBXContainerItemProxy;
			containerPortal = B20549311CE57162000ADBAA /* Project object */;
			proxyType = 1;
			remoteGlobalIDString = B20549381CE57162000ADBAA;
			remoteInfo = FanDueliOSChallenge;
		};
/* End PBXContainerItemProxy section */

/* Begin PBXFileReference section */
		1D30D5D1B43A2B24E83A0C87 /* Pods-FanDueliOSChallenge.release.xcconfig */ = {isa = PBXFileReference; includeInIndex = 1; lastKnownFileType = text.xcconfig; name = "Pods-FanDueliOSChallenge.release.xcconfig"; path = "Pods/Target Support Files/Pods-FanDueliOSChallenge/Pods-FanDueliOSChallenge.release.xcconfig"; sourceTree = "<group>"; };
		455C7A6F94F5892DF45D3DC7 /* Pods-FanDueliOSChallenge.debug.xcconfig */ = {isa = PBXFileReference; includeInIndex = 1; lastKnownFileType = text.xcconfig; name = "Pods-FanDueliOSChallenge.debug.xcconfig"; path = "Pods/Target Support Files/Pods-FanDueliOSChallenge/Pods-FanDueliOSChallenge.debug.xcconfig"; sourceTree = "<group>"; };
		718A575FC4587ABB04122EF6 /* Pods_FanDueliOSChallenge.framework */ = {isa = PBXFileReference; explicitFileType = wrapper.framework; includeInIndex = 0; path = Pods_FanDueliOSChallenge.framework; sourceTree = BUILT_PRODUCTS_DIR; };
		B20549391CE57162000ADBAA /* FanDueliOSChallenge.app */ = {isa = PBXFileReference; explicitFileType = wrapper.application; includeInIndex = 0; path = FanDueliOSChallenge.app; sourceTree = BUILT_PRODUCTS_DIR; };
		B205493C1CE57162000ADBAA /* AppDelegate.swift */ = {isa = PBXFileReference; lastKnownFileType = sourcecode.swift; path = AppDelegate.swift; sourceTree = "<group>"; };
		B205493E1CE57162000ADBAA /* ViewController.swift */ = {isa = PBXFileReference; lastKnownFileType = sourcecode.swift; path = ViewController.swift; sourceTree = "<group>"; };
		B20549411CE57162000ADBAA /* Base */ = {isa = PBXFileReference; lastKnownFileType = file.storyboard; name = Base; path = Base.lproj/Main.storyboard; sourceTree = "<group>"; };
		B20549431CE57162000ADBAA /* Assets.xcassets */ = {isa = PBXFileReference; lastKnownFileType = folder.assetcatalog; path = Assets.xcassets; sourceTree = "<group>"; };
		B20549461CE57162000ADBAA /* Base */ = {isa = PBXFileReference; lastKnownFileType = file.storyboard; name = Base; path = Base.lproj/LaunchScreen.storyboard; sourceTree = "<group>"; };
		B20549481CE57162000ADBAA /* Info.plist */ = {isa = PBXFileReference; lastKnownFileType = text.plist.xml; path = Info.plist; sourceTree = "<group>"; };
		B205494D1CE57162000ADBAA /* FanDueliOSChallengeTests.xctest */ = {isa = PBXFileReference; explicitFileType = wrapper.cfbundle; includeInIndex = 0; path = FanDueliOSChallengeTests.xctest; sourceTree = BUILT_PRODUCTS_DIR; };
		B20549511CE57162000ADBAA /* FanDueliOSChallengeTests.swift */ = {isa = PBXFileReference; lastKnownFileType = sourcecode.swift; path = FanDueliOSChallengeTests.swift; sourceTree = "<group>"; };
		B20549531CE57162000ADBAA /* Info.plist */ = {isa = PBXFileReference; lastKnownFileType = text.plist.xml; path = Info.plist; sourceTree = "<group>"; };
		B20549581CE57162000ADBAA /* FanDueliOSChallengeUITests.xctest */ = {isa = PBXFileReference; explicitFileType = wrapper.cfbundle; includeInIndex = 0; path = FanDueliOSChallengeUITests.xctest; sourceTree = BUILT_PRODUCTS_DIR; };
		B205495C1CE57162000ADBAA /* FanDueliOSChallengeUITests.swift */ = {isa = PBXFileReference; lastKnownFileType = sourcecode.swift; path = FanDueliOSChallengeUITests.swift; sourceTree = "<group>"; };
		B205495E1CE57162000ADBAA /* Info.plist */ = {isa = PBXFileReference; lastKnownFileType = text.plist.xml; path = Info.plist; sourceTree = "<group>"; };
		B23F83BF1CE94D0F0023F744 /* PickMatchCellViewModel.swift */ = {isa = PBXFileReference; fileEncoding = 4; lastKnownFileType = sourcecode.swift; path = PickMatchCellViewModel.swift; sourceTree = "<group>"; };
		B252F82E1CE93AAE00686A0B /* Team.swift */ = {isa = PBXFileReference; fileEncoding = 4; lastKnownFileType = sourcecode.swift; path = Team.swift; sourceTree = "<group>"; };
		B252F8301CE9405800686A0B /* PickMatchTableViewCell.swift */ = {isa = PBXFileReference; fileEncoding = 4; lastKnownFileType = sourcecode.swift; path = PickMatchTableViewCell.swift; sourceTree = "<group>"; };
		B2F492F51CE5878300564FDF /* Constants.swift */ = {isa = PBXFileReference; fileEncoding = 4; lastKnownFileType = sourcecode.swift; path = Constants.swift; sourceTree = "<group>"; };
		B2F492F71CE5879900564FDF /* APIManager.swift */ = {isa = PBXFileReference; fileEncoding = 4; lastKnownFileType = sourcecode.swift; path = APIManager.swift; sourceTree = "<group>"; };
		B2F492F91CE587A800564FDF /* Player.swift */ = {isa = PBXFileReference; fileEncoding = 4; lastKnownFileType = sourcecode.swift; path = Player.swift; sourceTree = "<group>"; };
/* End PBXFileReference section */

/* Begin PBXFrameworksBuildPhase section */
		B20549361CE57162000ADBAA /* Frameworks */ = {
			isa = PBXFrameworksBuildPhase;
			buildActionMask = 2147483647;
			files = (
				CDF36862E8DE3777EDB6DB04 /* Pods_FanDueliOSChallenge.framework in Frameworks */,
			);
			runOnlyForDeploymentPostprocessing = 0;
		};
		B205494A1CE57162000ADBAA /* Frameworks */ = {
			isa = PBXFrameworksBuildPhase;
			buildActionMask = 2147483647;
			files = (
			);
			runOnlyForDeploymentPostprocessing = 0;
		};
		B20549551CE57162000ADBAA /* Frameworks */ = {
			isa = PBXFrameworksBuildPhase;
			buildActionMask = 2147483647;
			files = (
			);
			runOnlyForDeploymentPostprocessing = 0;
		};
/* End PBXFrameworksBuildPhase section */

/* Begin PBXGroup section */
		B20549301CE57162000ADBAA = {
			isa = PBXGroup;
			children = (
				B205493B1CE57162000ADBAA /* FanDueliOSChallenge */,
				B20549501CE57162000ADBAA /* FanDueliOSChallengeTests */,
				B205495B1CE57162000ADBAA /* FanDueliOSChallengeUITests */,
				B205493A1CE57162000ADBAA /* Products */,
				FA333D305DDA759799C72E06 /* Pods */,
				F78BBAEFDD40D1DFD59F04BC /* Frameworks */,
			);
			sourceTree = "<group>";
		};
		B205493A1CE57162000ADBAA /* Products */ = {
			isa = PBXGroup;
			children = (
				B20549391CE57162000ADBAA /* FanDueliOSChallenge.app */,
				B205494D1CE57162000ADBAA /* FanDueliOSChallengeTests.xctest */,
				B20549581CE57162000ADBAA /* FanDueliOSChallengeUITests.xctest */,
			);
			name = Products;
			sourceTree = "<group>";
		};
		B205493B1CE57162000ADBAA /* FanDueliOSChallenge */ = {
			isa = PBXGroup;
			children = (
				B205493C1CE57162000ADBAA /* AppDelegate.swift */,
				B205493E1CE57162000ADBAA /* ViewController.swift */,
				B20549401CE57162000ADBAA /* Main.storyboard */,
				B20549431CE57162000ADBAA /* Assets.xcassets */,
				B20549451CE57162000ADBAA /* LaunchScreen.storyboard */,
				B20549481CE57162000ADBAA /* Info.plist */,
				B2F492F51CE5878300564FDF /* Constants.swift */,
				B2F492F71CE5879900564FDF /* APIManager.swift */,
				B2F492F91CE587A800564FDF /* Player.swift */,
				B252F82E1CE93AAE00686A0B /* Team.swift */,
				B252F8301CE9405800686A0B /* PickMatchTableViewCell.swift */,
				B23F83BF1CE94D0F0023F744 /* PickMatchCellViewModel.swift */,
			);
			path = FanDueliOSChallenge;
			sourceTree = "<group>";
		};
		B20549501CE57162000ADBAA /* FanDueliOSChallengeTests */ = {
			isa = PBXGroup;
			children = (
				B20549511CE57162000ADBAA /* FanDueliOSChallengeTests.swift */,
				B20549531CE57162000ADBAA /* Info.plist */,
			);
			path = FanDueliOSChallengeTests;
			sourceTree = "<group>";
		};
		B205495B1CE57162000ADBAA /* FanDueliOSChallengeUITests */ = {
			isa = PBXGroup;
			children = (
				B205495C1CE57162000ADBAA /* FanDueliOSChallengeUITests.swift */,
				B205495E1CE57162000ADBAA /* Info.plist */,
			);
			path = FanDueliOSChallengeUITests;
			sourceTree = "<group>";
		};
		F78BBAEFDD40D1DFD59F04BC /* Frameworks */ = {
			isa = PBXGroup;
			children = (
				718A575FC4587ABB04122EF6 /* Pods_FanDueliOSChallenge.framework */,
			);
			name = Frameworks;
			sourceTree = "<group>";
		};
		FA333D305DDA759799C72E06 /* Pods */ = {
			isa = PBXGroup;
			children = (
				455C7A6F94F5892DF45D3DC7 /* Pods-FanDueliOSChallenge.debug.xcconfig */,
				1D30D5D1B43A2B24E83A0C87 /* Pods-FanDueliOSChallenge.release.xcconfig */,
			);
			name = Pods;
			sourceTree = "<group>";
		};
/* End PBXGroup section */

/* Begin PBXNativeTarget section */
		B20549381CE57162000ADBAA /* FanDueliOSChallenge */ = {
			isa = PBXNativeTarget;
			buildConfigurationList = B20549611CE57162000ADBAA /* Build configuration list for PBXNativeTarget "FanDueliOSChallenge" */;
			buildPhases = (
				8BC2AE0463F6993B66428898 /* Check Pods Manifest.lock */,
				B20549351CE57162000ADBAA /* Sources */,
				B20549361CE57162000ADBAA /* Frameworks */,
				B20549371CE57162000ADBAA /* Resources */,
				7FC6FBC29D08838942FCAD7F /* Embed Pods Frameworks */,
				5BE57C6A7CFCC069E8BB4593 /* Copy Pods Resources */,
			);
			buildRules = (
			);
			dependencies = (
			);
			name = FanDueliOSChallenge;
			productName = FanDueliOSChallenge;
			productReference = B20549391CE57162000ADBAA /* FanDueliOSChallenge.app */;
			productType = "com.apple.product-type.application";
		};
		B205494C1CE57162000ADBAA /* FanDueliOSChallengeTests */ = {
			isa = PBXNativeTarget;
			buildConfigurationList = B20549641CE57162000ADBAA /* Build configuration list for PBXNativeTarget "FanDueliOSChallengeTests" */;
			buildPhases = (
				B20549491CE57162000ADBAA /* Sources */,
				B205494A1CE57162000ADBAA /* Frameworks */,
				B205494B1CE57162000ADBAA /* Resources */,
			);
			buildRules = (
			);
			dependencies = (
				B205494F1CE57162000ADBAA /* PBXTargetDependency */,
			);
			name = FanDueliOSChallengeTests;
			productName = FanDueliOSChallengeTests;
			productReference = B205494D1CE57162000ADBAA /* FanDueliOSChallengeTests.xctest */;
			productType = "com.apple.product-type.bundle.unit-test";
		};
		B20549571CE57162000ADBAA /* FanDueliOSChallengeUITests */ = {
			isa = PBXNativeTarget;
			buildConfigurationList = B20549671CE57162000ADBAA /* Build configuration list for PBXNativeTarget "FanDueliOSChallengeUITests" */;
			buildPhases = (
				B20549541CE57162000ADBAA /* Sources */,
				B20549551CE57162000ADBAA /* Frameworks */,
				B20549561CE57162000ADBAA /* Resources */,
			);
			buildRules = (
			);
			dependencies = (
				B205495A1CE57162000ADBAA /* PBXTargetDependency */,
			);
			name = FanDueliOSChallengeUITests;
			productName = FanDueliOSChallengeUITests;
			productReference = B20549581CE57162000ADBAA /* FanDueliOSChallengeUITests.xctest */;
			productType = "com.apple.product-type.bundle.ui-testing";
		};
/* End PBXNativeTarget section */

/* Begin PBXProject section */
		B20549311CE57162000ADBAA /* Project object */ = {
			isa = PBXProject;
			attributes = {
				LastSwiftUpdateCheck = 0730;
				LastUpgradeCheck = 0730;
				ORGANIZATIONNAME = coolbnjmn;
				TargetAttributes = {
					B20549381CE57162000ADBAA = {
						CreatedOnToolsVersion = 7.3;
					};
					B205494C1CE57162000ADBAA = {
						CreatedOnToolsVersion = 7.3;
						TestTargetID = B20549381CE57162000ADBAA;
					};
					B20549571CE57162000ADBAA = {
						CreatedOnToolsVersion = 7.3;
						TestTargetID = B20549381CE57162000ADBAA;
					};
				};
			};
			buildConfigurationList = B20549341CE57162000ADBAA /* Build configuration list for PBXProject "FanDueliOSChallenge" */;
			compatibilityVersion = "Xcode 3.2";
			developmentRegion = English;
			hasScannedForEncodings = 0;
			knownRegions = (
				en,
				Base,
			);
			mainGroup = B20549301CE57162000ADBAA;
			productRefGroup = B205493A1CE57162000ADBAA /* Products */;
			projectDirPath = "";
			projectRoot = "";
			targets = (
				B20549381CE57162000ADBAA /* FanDueliOSChallenge */,
				B205494C1CE57162000ADBAA /* FanDueliOSChallengeTests */,
				B20549571CE57162000ADBAA /* FanDueliOSChallengeUITests */,
			);
		};
/* End PBXProject section */

/* Begin PBXResourcesBuildPhase section */
		B20549371CE57162000ADBAA /* Resources */ = {
			isa = PBXResourcesBuildPhase;
			buildActionMask = 2147483647;
			files = (
				B20549471CE57162000ADBAA /* LaunchScreen.storyboard in Resources */,
				B20549441CE57162000ADBAA /* Assets.xcassets in Resources */,
				B20549421CE57162000ADBAA /* Main.storyboard in Resources */,
			);
			runOnlyForDeploymentPostprocessing = 0;
		};
		B205494B1CE57162000ADBAA /* Resources */ = {
			isa = PBXResourcesBuildPhase;
			buildActionMask = 2147483647;
			files = (
			);
			runOnlyForDeploymentPostprocessing = 0;
		};
		B20549561CE57162000ADBAA /* Resources */ = {
			isa = PBXResourcesBuildPhase;
			buildActionMask = 2147483647;
			files = (
			);
			runOnlyForDeploymentPostprocessing = 0;
		};
/* End PBXResourcesBuildPhase section */

/* Begin PBXShellScriptBuildPhase section */
		5BE57C6A7CFCC069E8BB4593 /* Copy Pods Resources */ = {
			isa = PBXShellScriptBuildPhase;
			buildActionMask = 2147483647;
			files = (
			);
			inputPaths = (
			);
			name = "Copy Pods Resources";
			outputPaths = (
			);
			runOnlyForDeploymentPostprocessing = 0;
			shellPath = /bin/sh;
			shellScript = "\"${SRCROOT}/Pods/Target Support Files/Pods-FanDueliOSChallenge/Pods-FanDueliOSChallenge-resources.sh\"\n";
			showEnvVarsInLog = 0;
		};
		7FC6FBC29D08838942FCAD7F /* Embed Pods Frameworks */ = {
			isa = PBXShellScriptBuildPhase;
			buildActionMask = 2147483647;
			files = (
			);
			inputPaths = (
			);
			name = "Embed Pods Frameworks";
			outputPaths = (
			);
			runOnlyForDeploymentPostprocessing = 0;
			shellPath = /bin/sh;
			shellScript = "\"${SRCROOT}/Pods/Target Support Files/Pods-FanDueliOSChallenge/Pods-FanDueliOSChallenge-frameworks.sh\"\n";
			showEnvVarsInLog = 0;
		};
		8BC2AE0463F6993B66428898 /* Check Pods Manifest.lock */ = {
			isa = PBXShellScriptBuildPhase;
			buildActionMask = 2147483647;
			files = (
			);
			inputPaths = (
			);
			name = "Check Pods Manifest.lock";
			outputPaths = (
			);
			runOnlyForDeploymentPostprocessing = 0;
			shellPath = /bin/sh;
			shellScript = "diff \"${PODS_ROOT}/../Podfile.lock\" \"${PODS_ROOT}/Manifest.lock\" > /dev/null\nif [[ $? != 0 ]] ; then\n    cat << EOM\nerror: The sandbox is not in sync with the Podfile.lock. Run 'pod install' or update your CocoaPods installation.\nEOM\n    exit 1\nfi\n";
			showEnvVarsInLog = 0;
		};
/* End PBXShellScriptBuildPhase section */

/* Begin PBXSourcesBuildPhase section */
		B20549351CE57162000ADBAA /* Sources */ = {
			isa = PBXSourcesBuildPhase;
			buildActionMask = 2147483647;
			files = (
				B252F8311CE9405800686A0B /* PickMatchTableViewCell.swift in Sources */,
				B252F82F1CE93AAE00686A0B /* Team.swift in Sources */,
				B2F492F81CE5879900564FDF /* APIManager.swift in Sources */,
				B205493F1CE57162000ADBAA /* ViewController.swift in Sources */,
				B205493D1CE57162000ADBAA /* AppDelegate.swift in Sources */,
				B2F492FA1CE587A800564FDF /* Player.swift in Sources */,
				B2F492F61CE5878300564FDF /* Constants.swift in Sources */,
				B23F83C01CE94D0F0023F744 /* PickMatchCellViewModel.swift in Sources */,
			);
			runOnlyForDeploymentPostprocessing = 0;
		};
		B20549491CE57162000ADBAA /* Sources */ = {
			isa = PBXSourcesBuildPhase;
			buildActionMask = 2147483647;
			files = (
				B20549521CE57162000ADBAA /* FanDueliOSChallengeTests.swift in Sources */,
			);
			runOnlyForDeploymentPostprocessing = 0;
		};
		B20549541CE57162000ADBAA /* Sources */ = {
			isa = PBXSourcesBuildPhase;
			buildActionMask = 2147483647;
			files = (
				B205495D1CE57162000ADBAA /* FanDueliOSChallengeUITests.swift in Sources */,
			);
			runOnlyForDeploymentPostprocessing = 0;
		};
/* End PBXSourcesBuildPhase section */

/* Begin PBXTargetDependency section */
		B205494F1CE57162000ADBAA /* PBXTargetDependency */ = {
			isa = PBXTargetDependency;
			target = B20549381CE57162000ADBAA /* FanDueliOSChallenge */;
			targetProxy = B205494E1CE57162000ADBAA /* PBXContainerItemProxy */;
		};
		B205495A1CE57162000ADBAA /* PBXTargetDependency */ = {
			isa = PBXTargetDependency;
			target = B20549381CE57162000ADBAA /* FanDueliOSChallenge */;
			targetProxy = B20549591CE57162000ADBAA /* PBXContainerItemProxy */;
		};
/* End PBXTargetDependency section */

/* Begin PBXVariantGroup section */
		B20549401CE57162000ADBAA /* Main.storyboard */ = {
			isa = PBXVariantGroup;
			children = (
				B20549411CE57162000ADBAA /* Base */,
			);
			name = Main.storyboard;
			sourceTree = "<group>";
		};
		B20549451CE57162000ADBAA /* LaunchScreen.storyboard */ = {
			isa = PBXVariantGroup;
			children = (
				B20549461CE57162000ADBAA /* Base */,
			);
			name = LaunchScreen.storyboard;
			sourceTree = "<group>";
		};
/* End PBXVariantGroup section */

/* Begin XCBuildConfiguration section */
		B205495F1CE57162000ADBAA /* Debug */ = {
			isa = XCBuildConfiguration;
			buildSettings = {
				ALWAYS_SEARCH_USER_PATHS = NO;
				CLANG_ANALYZER_NONNULL = YES;
				CLANG_CXX_LANGUAGE_STANDARD = "gnu++0x";
				CLANG_CXX_LIBRARY = "libc++";
				CLANG_ENABLE_MODULES = YES;
				CLANG_ENABLE_OBJC_ARC = YES;
				CLANG_WARN_BOOL_CONVERSION = YES;
				CLANG_WARN_CONSTANT_CONVERSION = YES;
				CLANG_WARN_DIRECT_OBJC_ISA_USAGE = YES_ERROR;
				CLANG_WARN_EMPTY_BODY = YES;
				CLANG_WARN_ENUM_CONVERSION = YES;
				CLANG_WARN_INT_CONVERSION = YES;
				CLANG_WARN_OBJC_ROOT_CLASS = YES_ERROR;
				CLANG_WARN_UNREACHABLE_CODE = YES;
				CLANG_WARN__DUPLICATE_METHOD_MATCH = YES;
				"CODE_SIGN_IDENTITY[sdk=iphoneos*]" = "iPhone Developer";
				COPY_PHASE_STRIP = NO;
				DEBUG_INFORMATION_FORMAT = dwarf;
				ENABLE_STRICT_OBJC_MSGSEND = YES;
				ENABLE_TESTABILITY = YES;
				GCC_C_LANGUAGE_STANDARD = gnu99;
				GCC_DYNAMIC_NO_PIC = NO;
				GCC_NO_COMMON_BLOCKS = YES;
				GCC_OPTIMIZATION_LEVEL = 0;
				GCC_PREPROCESSOR_DEFINITIONS = (
					"DEBUG=1",
					"$(inherited)",
				);
				GCC_WARN_64_TO_32_BIT_CONVERSION = YES;
				GCC_WARN_ABOUT_RETURN_TYPE = YES_ERROR;
				GCC_WARN_UNDECLARED_SELECTOR = YES;
				GCC_WARN_UNINITIALIZED_AUTOS = YES_AGGRESSIVE;
				GCC_WARN_UNUSED_FUNCTION = YES;
				GCC_WARN_UNUSED_VARIABLE = YES;
				IPHONEOS_DEPLOYMENT_TARGET = 9.3;
				MTL_ENABLE_DEBUG_INFO = YES;
				ONLY_ACTIVE_ARCH = YES;
				SDKROOT = iphoneos;
				SWIFT_OPTIMIZATION_LEVEL = "-Onone";
			};
			name = Debug;
		};
		B20549601CE57162000ADBAA /* Release */ = {
			isa = XCBuildConfiguration;
			buildSettings = {
				ALWAYS_SEARCH_USER_PATHS = NO;
				CLANG_ANALYZER_NONNULL = YES;
				CLANG_CXX_LANGUAGE_STANDARD = "gnu++0x";
				CLANG_CXX_LIBRARY = "libc++";
				CLANG_ENABLE_MODULES = YES;
				CLANG_ENABLE_OBJC_ARC = YES;
				CLANG_WARN_BOOL_CONVERSION = YES;
				CLANG_WARN_CONSTANT_CONVERSION = YES;
				CLANG_WARN_DIRECT_OBJC_ISA_USAGE = YES_ERROR;
				CLANG_WARN_EMPTY_BODY = YES;
				CLANG_WARN_ENUM_CONVERSION = YES;
				CLANG_WARN_INT_CONVERSION = YES;
				CLANG_WARN_OBJC_ROOT_CLASS = YES_ERROR;
				CLANG_WARN_UNREACHABLE_CODE = YES;
				CLANG_WARN__DUPLICATE_METHOD_MATCH = YES;
				"CODE_SIGN_IDENTITY[sdk=iphoneos*]" = "iPhone Developer";
				COPY_PHASE_STRIP = NO;
				DEBUG_INFORMATION_FORMAT = "dwarf-with-dsym";
				ENABLE_NS_ASSERTIONS = NO;
				ENABLE_STRICT_OBJC_MSGSEND = YES;
				GCC_C_LANGUAGE_STANDARD = gnu99;
				GCC_NO_COMMON_BLOCKS = YES;
				GCC_WARN_64_TO_32_BIT_CONVERSION = YES;
				GCC_WARN_ABOUT_RETURN_TYPE = YES_ERROR;
				GCC_WARN_UNDECLARED_SELECTOR = YES;
				GCC_WARN_UNINITIALIZED_AUTOS = YES_AGGRESSIVE;
				GCC_WARN_UNUSED_FUNCTION = YES;
				GCC_WARN_UNUSED_VARIABLE = YES;
				IPHONEOS_DEPLOYMENT_TARGET = 9.3;
				MTL_ENABLE_DEBUG_INFO = NO;
				SDKROOT = iphoneos;
				VALIDATE_PRODUCT = YES;
			};
			name = Release;
		};
		B20549621CE57162000ADBAA /* Debug */ = {
			isa = XCBuildConfiguration;
			baseConfigurationReference = 455C7A6F94F5892DF45D3DC7 /* Pods-FanDueliOSChallenge.debug.xcconfig */;
			buildSettings = {
				ASSETCATALOG_COMPILER_APPICON_NAME = AppIcon;
				INFOPLIST_FILE = FanDueliOSChallenge/Info.plist;
				LD_RUNPATH_SEARCH_PATHS = "$(inherited) @executable_path/Frameworks";
				PRODUCT_BUNDLE_IDENTIFIER = coolbnjmn.FanDueliOSChallenge;
				PRODUCT_NAME = "$(TARGET_NAME)";
			};
			name = Debug;
		};
		B20549631CE57162000ADBAA /* Release */ = {
			isa = XCBuildConfiguration;
			baseConfigurationReference = 1D30D5D1B43A2B24E83A0C87 /* Pods-FanDueliOSChallenge.release.xcconfig */;
			buildSettings = {
				ASSETCATALOG_COMPILER_APPICON_NAME = AppIcon;
				INFOPLIST_FILE = FanDueliOSChallenge/Info.plist;
				LD_RUNPATH_SEARCH_PATHS = "$(inherited) @executable_path/Frameworks";
				PRODUCT_BUNDLE_IDENTIFIER = coolbnjmn.FanDueliOSChallenge;
				PRODUCT_NAME = "$(TARGET_NAME)";
			};
			name = Release;
		};
		B20549651CE57162000ADBAA /* Debug */ = {
			isa = XCBuildConfiguration;
			buildSettings = {
				BUNDLE_LOADER = "$(TEST_HOST)";
				INFOPLIST_FILE = FanDueliOSChallengeTests/Info.plist;
				LD_RUNPATH_SEARCH_PATHS = "$(inherited) @executable_path/Frameworks @loader_path/Frameworks";
				PRODUCT_BUNDLE_IDENTIFIER = coolbnjmn.FanDueliOSChallengeTests;
				PRODUCT_NAME = "$(TARGET_NAME)";
				TEST_HOST = "$(BUILT_PRODUCTS_DIR)/FanDueliOSChallenge.app/FanDueliOSChallenge";
			};
			name = Debug;
		};
		B20549661CE57162000ADBAA /* Release */ = {
			isa = XCBuildConfiguration;
			buildSettings = {
				BUNDLE_LOADER = "$(TEST_HOST)";
				INFOPLIST_FILE = FanDueliOSChallengeTests/Info.plist;
				LD_RUNPATH_SEARCH_PATHS = "$(inherited) @executable_path/Frameworks @loader_path/Frameworks";
				PRODUCT_BUNDLE_IDENTIFIER = coolbnjmn.FanDueliOSChallengeTests;
				PRODUCT_NAME = "$(TARGET_NAME)";
				TEST_HOST = "$(BUILT_PRODUCTS_DIR)/FanDueliOSChallenge.app/FanDueliOSChallenge";
			};
			name = Release;
		};
		B20549681CE57162000ADBAA /* Debug */ = {
			isa = XCBuildConfiguration;
			buildSettings = {
				INFOPLIST_FILE = FanDueliOSChallengeUITests/Info.plist;
				LD_RUNPATH_SEARCH_PATHS = "$(inherited) @executable_path/Frameworks @loader_path/Frameworks";
				PRODUCT_BUNDLE_IDENTIFIER = coolbnjmn.FanDueliOSChallengeUITests;
				PRODUCT_NAME = "$(TARGET_NAME)";
				TEST_TARGET_NAME = FanDueliOSChallenge;
			};
			name = Debug;
		};
		B20549691CE57162000ADBAA /* Release */ = {
			isa = XCBuildConfiguration;
			buildSettings = {
				INFOPLIST_FILE = FanDueliOSChallengeUITests/Info.plist;
				LD_RUNPATH_SEARCH_PATHS = "$(inherited) @executable_path/Frameworks @loader_path/Frameworks";
				PRODUCT_BUNDLE_IDENTIFIER = coolbnjmn.FanDueliOSChallengeUITests;
				PRODUCT_NAME = "$(TARGET_NAME)";
				TEST_TARGET_NAME = FanDueliOSChallenge;
			};
			name = Release;
		};
/* End XCBuildConfiguration section */

/* Begin XCConfigurationList section */
		B20549341CE57162000ADBAA /* Build configuration list for PBXProject "FanDueliOSChallenge" */ = {
			isa = XCConfigurationList;
			buildConfigurations = (
				B205495F1CE57162000ADBAA /* Debug */,
				B20549601CE57162000ADBAA /* Release */,
			);
			defaultConfigurationIsVisible = 0;
			defaultConfigurationName = Release;
		};
		B20549611CE57162000ADBAA /* Build configuration list for PBXNativeTarget "FanDueliOSChallenge" */ = {
			isa = XCConfigurationList;
			buildConfigurations = (
				B20549621CE57162000ADBAA /* Debug */,
				B20549631CE57162000ADBAA /* Release */,
			);
			defaultConfigurationIsVisible = 0;
			defaultConfigurationName = Release;
		};
		B20549641CE57162000ADBAA /* Build configuration list for PBXNativeTarget "FanDueliOSChallengeTests" */ = {
			isa = XCConfigurationList;
			buildConfigurations = (
				B20549651CE57162000ADBAA /* Debug */,
				B20549661CE57162000ADBAA /* Release */,
			);
			defaultConfigurationIsVisible = 0;
			defaultConfigurationName = Release;
		};
		B20549671CE57162000ADBAA /* Build configuration list for PBXNativeTarget "FanDueliOSChallengeUITests" */ = {
			isa = XCConfigurationList;
			buildConfigurations = (
				B20549681CE57162000ADBAA /* Debug */,
				B20549691CE57162000ADBAA /* Release */,
			);
			defaultConfigurationIsVisible = 0;
			defaultConfigurationName = Release;
		};
/* End XCConfigurationList section */
	};
	rootObject = B20549311CE57162000ADBAA /* Project object */;
}
